
Microsoft Visual Studio Solution File, Format Version 12.00
# Visual Studio Version 16
VisualStudioVersion = 16.0.31624.102
MinimumVisualStudioVersion = 10.0.40219.1
Project("{FAE04EC0-301F-11D3-BF4B-00C04F79EFBC}") = "Croncher", "Croncher.csproj", "{00B68F90-37F9-45B1-9268-41CA5846057A}"
EndProject
Global
	GlobalSection(SolutionConfigurationPlatforms) = preSolution
		Debug|Any CPU = Debug|Any CPU
		Release|Any CPU = Release|Any CPU
	EndGlobalSection
	GlobalSection(ProjectConfigurationPlatforms) = postSolution
		{00B68F90-37F9-45B1-9268-41CA5846057A}.Debug|Any CPU.ActiveCfg = Debug|Any CPU
		{00B68F90-37F9-45B1-9268-41CA5846057A}.Debug|Any CPU.Build.0 = Debug|Any CPU
		{00B68F90-37F9-45B1-9268-41CA5846057A}.Release|Any CPU.ActiveCfg = Release|Any CPU
		{00B68F90-37F9-45B1-9268-41CA5846057A}.Release|Any CPU.Build.0 = Release|Any CPU
	EndGlobalSection
	GlobalSection(SolutionProperties) = preSolution
		HideSolutionNode = FALSE
	EndGlobalSection
	GlobalSection(ExtensibilityGlobals) = postSolution
		SolutionGuid = {16BF511F-72D9-499A-9743-AC3520B2351A}
	EndGlobalSection
EndGlobal
